
Microsoft Visual Studio Solution File, Format Version 12.00
# Visual Studio 15
VisualStudioVersion = 15.0.27428.2037
MinimumVisualStudioVersion = 10.0.40219.1
Project("{9A19103F-16F7-4668-BE54-9A1E7A4F7556}") = "TemplateApp", "TemplateApp.csproj", "{4045BF08-93AD-4285-88C7-0303867E6154}"
EndProject
Global
	GlobalSection(SolutionConfigurationPlatforms) = preSolution
		Debug|Any CPU = Debug|Any CPU
		Release|Any CPU = Release|Any CPU
	EndGlobalSection
	GlobalSection(ProjectConfigurationPlatforms) = postSolution
		{4045BF08-93AD-4285-88C7-0303867E6154}.Debug|Any CPU.ActiveCfg = Debug|Any CPU
		{4045BF08-93AD-4285-88C7-0303867E6154}.Debug|Any CPU.Build.0 = Debug|Any CPU
		{4045BF08-93AD-4285-88C7-0303867E6154}.Release|Any CPU.ActiveCfg = Release|Any CPU
		{4045BF08-93AD-4285-88C7-0303867E6154}.Release|Any CPU.Build.0 = Release|Any CPU
	EndGlobalSection
	GlobalSection(SolutionProperties) = preSolution
		HideSolutionNode = FALSE
	EndGlobalSection
	GlobalSection(ExtensibilityGlobals) = postSolution
		SolutionGuid = {B3424D29-88A4-4A90-A637-3AC42F969828}
	EndGlobalSection
EndGlobal
